
Microsoft Visual Studio Solution File, Format Version 12.00
# Visual Studio Version 16
VisualStudioVersion = 16.0.34301.259
MinimumVisualStudioVersion = 10.0.40219.1
Project("{FAE04EC0-301F-11D3-BF4B-00C04F79EFBC}") = "KitchenLab", "KitchenLab\KitchenLab.csproj", "{987054CF-830E-4BBC-85E1-2D03F9FBB163}"
EndProject
Global
	GlobalSection(SolutionConfigurationPlatforms) = preSolution
		Debug|Any CPU = Debug|Any CPU
		Release|Any CPU = Release|Any CPU
	EndGlobalSection
	GlobalSection(ProjectConfigurationPlatforms) = postSolution
		{987054CF-830E-4BBC-85E1-2D03F9FBB163}.Debug|Any CPU.ActiveCfg = Debug|Any CPU
		{987054CF-830E-4BBC-85E1-2D03F9FBB163}.Debug|Any CPU.Build.0 = Debug|Any CPU
		{987054CF-830E-4BBC-85E1-2D03F9FBB163}.Release|Any CPU.ActiveCfg = Release|Any CPU
		{987054CF-830E-4BBC-85E1-2D03F9FBB163}.Release|Any CPU.Build.0 = Release|Any CPU
	EndGlobalSection
	GlobalSection(SolutionProperties) = preSolution
		HideSolutionNode = FALSE
	EndGlobalSection
	GlobalSection(ExtensibilityGlobals) = postSolution
		SolutionGuid = {13683CE8-F943-4DF8-85A7-E9711BEC5A36}
	EndGlobalSection
EndGlobal
